{
  "name": "helios-test",
  "lockfileVersion": 3,
  "requires": true,
  "packages": {
    "": {
      "name": "helios-test",
      "dependencies": {
        "helios": "file:.."
      }
    },
    "..": {
      "name": "@hyperionbt/helios",
      "version": "0.15.13",
      "license": "BSD-3-Clause",
      "devDependencies": {
        "typescript": "^4.9.5"
      }
    },
    "node_modules/helios": {
      "resolved": "..",
      "link": true
    }
  }
}
