{
    "name": "@helios-lang/compiler",
    "version": "0.17.0-70",
    "lockfileVersion": 2,
    "requires": true,
    "packages": {
        "": {
            "name": "@helios-lang/compiler",
            "version": "0.17.0-70",
            "license": "BSD-3-Clause",
            "dependencies": {
                "@helios-lang/codec-utils": "^0.1.32",
                "@helios-lang/compiler": "^0.17.0-66",
                "@helios-lang/compiler-utils": "^0.1.54",
                "@helios-lang/ir": "^0.1.31",
                "@helios-lang/type-utils": "^0.1.21",
                "@helios-lang/uplc": "^0.3.0"
            },
            "devDependencies": {
                "@types/node": "^20.14.10",
                "prettier": "^3.3.2",
                "typescript": "^4.9.5"
            }
        },
        "node_modules/@helios-lang/cbor": {
            "version": "0.1.21",
            "resolved": "https://registry.npmjs.org/@helios-lang/cbor/-/cbor-0.1.21.tgz",
            "integrity": "sha512-EHIKmN1fDPtEwjvPHCjCHf3JtCK2j09z6dwTiSI4HJ7sl62nr5Ti1B0/EkiKrahfKQnYl/wgtVyKoY/qgIJQMw==",
            "dependencies": {
                "@helios-lang/codec-utils": "^0.1.30",
                "@helios-lang/type-utils": "^0.1.18"
            }
        },
        "node_modules/@helios-lang/codec-utils": {
            "version": "0.1.33",
            "resolved": "https://registry.npmjs.org/@helios-lang/codec-utils/-/codec-utils-0.1.33.tgz",
            "integrity": "sha512-zn6Q/KhB+V9Wqh8EKN6HuE1UY2+l+A1W788qGn2GrgLTLkwjwkbP1H4AdHxwJ1c5vgx12nAA8cGngnplB2I7xQ=="
        },
        "node_modules/@helios-lang/compiler": {
            "version": "0.17.0-66",
            "resolved": "https://registry.npmjs.org/@helios-lang/compiler/-/compiler-0.17.0-66.tgz",
            "integrity": "sha512-zvd2Kvu1Aib5CjBIzV+1JYbGjnscRbVB3Mwkw0uUE/Nl7fwdgKK66qOQZ+4LKiY7joKWN/kMvB368jBOjdnLQg==",
            "dependencies": {
                "@helios-lang/codec-utils": "^0.1.32",
                "@helios-lang/compiler-utils": "^0.1.54",
                "@helios-lang/ir": "^0.1.29",
                "@helios-lang/type-utils": "^0.1.21",
                "@helios-lang/uplc": "^0.3.0"
            }
        },
        "node_modules/@helios-lang/compiler-utils": {
            "version": "0.1.54",
            "resolved": "https://registry.npmjs.org/@helios-lang/compiler-utils/-/compiler-utils-0.1.54.tgz",
            "integrity": "sha512-Yco1TszlczuEfrDuaFRbjSYcNglROJ8vaWI0/LPlUSOM7jdh9/5fRT/jmXGXClCsdUKM7uissb1qHNk/EB2vww==",
            "dependencies": {
                "@helios-lang/codec-utils": "^0.1.30",
                "@helios-lang/type-utils": "^0.1.18"
            }
        },
        "node_modules/@helios-lang/crypto": {
            "version": "0.1.14",
            "resolved": "https://registry.npmjs.org/@helios-lang/crypto/-/crypto-0.1.14.tgz",
            "integrity": "sha512-86Q+saQoX10RfeAfLXRZt0UTgNmZFREnHnmjGnyKgPYGWNHhVKfn20+k4CDn03Kaa5rIrWh+iN+irsB4+Hv4Mg==",
            "dependencies": {
                "@helios-lang/codec-utils": "^0.1.30"
            }
        },
        "node_modules/@helios-lang/era": {
            "version": "0.1.2",
            "resolved": "https://registry.npmjs.org/@helios-lang/era/-/era-0.1.2.tgz",
            "integrity": "sha512-zthxic/tg/zpnEHX27n1ij/jGpXNq23B/cJRB3ZuTqbD2+54XzcKbqx2INFgGSZJCYBLiKYpmctKFBn+zrNftw=="
        },
        "node_modules/@helios-lang/ir": {
            "version": "0.1.31",
            "resolved": "https://registry.npmjs.org/@helios-lang/ir/-/ir-0.1.31.tgz",
            "integrity": "sha512-tVw+HcZksUQs+w8xSt3w+0mwdOOWIRwp1dQsInbwVGl1VcKuzCJSpePGsmmG/yZ//gkiD67DdICv4V1Sx2bj0A==",
            "dependencies": {
                "@helios-lang/codec-utils": "^0.1.32",
                "@helios-lang/compiler-utils": "^0.1.53",
                "@helios-lang/type-utils": "^0.1.20",
                "@helios-lang/uplc": "^0.3.0"
            }
        },
        "node_modules/@helios-lang/type-utils": {
            "version": "0.1.21",
            "resolved": "https://registry.npmjs.org/@helios-lang/type-utils/-/type-utils-0.1.21.tgz",
            "integrity": "sha512-z12O84kEwVzqYmcYL+SWCaZNIkmF4cDvKFOtL3KiR6pwl8KngqiQk8MnBEyG06FUMKxCSknWayPGIYzM2HcqBw=="
        },
        "node_modules/@helios-lang/uplc": {
            "version": "0.3.0",
            "resolved": "https://registry.npmjs.org/@helios-lang/uplc/-/uplc-0.3.0.tgz",
            "integrity": "sha512-bAS7YUfs1P7fut9cI0fePSh10Qh0QndGn/XqylGqYrChvULGp4srS9wKMSZ+g6Xerub358pqBqp+tCkFi5fQ4w==",
            "dependencies": {
                "@helios-lang/cbor": "^0.1.21",
                "@helios-lang/codec-utils": "^0.1.33",
                "@helios-lang/compiler-utils": "^0.1.54",
                "@helios-lang/crypto": "^0.1.14",
                "@helios-lang/era": "^0.1.2",
                "@helios-lang/type-utils": "^0.1.18"
            }
        },
        "node_modules/@types/node": {
            "version": "20.14.10",
            "resolved": "https://registry.npmjs.org/@types/node/-/node-20.14.10.tgz",
            "integrity": "sha512-MdiXf+nDuMvY0gJKxyfZ7/6UFsETO7mGKF54MVD/ekJS6HdFtpZFBgrh6Pseu64XTb2MLyFPlbW6hj8HYRQNOQ==",
            "dev": true,
            "dependencies": {
                "undici-types": "~5.26.4"
            }
        },
        "node_modules/prettier": {
            "version": "3.3.2",
            "resolved": "https://registry.npmjs.org/prettier/-/prettier-3.3.2.tgz",
            "integrity": "sha512-rAVeHYMcv8ATV5d508CFdn+8/pHPpXeIid1DdrPwXnaAdH7cqjVbpJaT5eq4yRAFU/lsbwYwSF/n5iNrdJHPQA==",
            "dev": true,
            "bin": {
                "prettier": "bin/prettier.cjs"
            },
            "engines": {
                "node": ">=14"
            },
            "funding": {
                "url": "https://github.com/prettier/prettier?sponsor=1"
            }
        },
        "node_modules/typescript": {
            "version": "4.9.5",
            "resolved": "https://registry.npmjs.org/typescript/-/typescript-4.9.5.tgz",
            "integrity": "sha512-1FXk9E2Hm+QzZQ7z+McJiHL4NW1F2EzMu9Nq9i3zAaGqibafqYwCVU6WyWAuyQRRzOlxou8xZSyXLEN8oKj24g==",
            "dev": true,
            "bin": {
                "tsc": "bin/tsc",
                "tsserver": "bin/tsserver"
            },
            "engines": {
                "node": ">=4.2.0"
            }
        },
        "node_modules/undici-types": {
            "version": "5.26.5",
            "resolved": "https://registry.npmjs.org/undici-types/-/undici-types-5.26.5.tgz",
            "integrity": "sha512-JlCMO+ehdEIKqlFxk6IfVoAUVmgz7cU7zD/h9XZ0qzeosSHmUJVOzSQvvYSYWXkFXC+IfLKSIffhv0sVZup6pA==",
            "dev": true
        }
    },
    "dependencies": {
        "@helios-lang/cbor": {
            "version": "0.1.21",
            "resolved": "https://registry.npmjs.org/@helios-lang/cbor/-/cbor-0.1.21.tgz",
            "integrity": "sha512-EHIKmN1fDPtEwjvPHCjCHf3JtCK2j09z6dwTiSI4HJ7sl62nr5Ti1B0/EkiKrahfKQnYl/wgtVyKoY/qgIJQMw==",
            "requires": {
                "@helios-lang/codec-utils": "^0.1.30",
                "@helios-lang/type-utils": "^0.1.18"
            }
        },
        "@helios-lang/codec-utils": {
            "version": "0.1.33",
            "resolved": "https://registry.npmjs.org/@helios-lang/codec-utils/-/codec-utils-0.1.33.tgz",
            "integrity": "sha512-zn6Q/KhB+V9Wqh8EKN6HuE1UY2+l+A1W788qGn2GrgLTLkwjwkbP1H4AdHxwJ1c5vgx12nAA8cGngnplB2I7xQ=="
        },
        "@helios-lang/compiler": {
            "version": "0.17.0-66",
            "resolved": "https://registry.npmjs.org/@helios-lang/compiler/-/compiler-0.17.0-66.tgz",
            "integrity": "sha512-zvd2Kvu1Aib5CjBIzV+1JYbGjnscRbVB3Mwkw0uUE/Nl7fwdgKK66qOQZ+4LKiY7joKWN/kMvB368jBOjdnLQg==",
            "requires": {
                "@helios-lang/codec-utils": "^0.1.32",
                "@helios-lang/compiler-utils": "^0.1.54",
                "@helios-lang/ir": "^0.1.29",
                "@helios-lang/type-utils": "^0.1.21",
                "@helios-lang/uplc": "^0.3.0"
            }
        },
        "@helios-lang/compiler-utils": {
            "version": "0.1.54",
            "resolved": "https://registry.npmjs.org/@helios-lang/compiler-utils/-/compiler-utils-0.1.54.tgz",
            "integrity": "sha512-Yco1TszlczuEfrDuaFRbjSYcNglROJ8vaWI0/LPlUSOM7jdh9/5fRT/jmXGXClCsdUKM7uissb1qHNk/EB2vww==",
            "requires": {
                "@helios-lang/codec-utils": "^0.1.30",
                "@helios-lang/type-utils": "^0.1.18"
            }
        },
        "@helios-lang/crypto": {
            "version": "0.1.14",
            "resolved": "https://registry.npmjs.org/@helios-lang/crypto/-/crypto-0.1.14.tgz",
            "integrity": "sha512-86Q+saQoX10RfeAfLXRZt0UTgNmZFREnHnmjGnyKgPYGWNHhVKfn20+k4CDn03Kaa5rIrWh+iN+irsB4+Hv4Mg==",
            "requires": {
                "@helios-lang/codec-utils": "^0.1.30"
            }
        },
        "@helios-lang/era": {
            "version": "0.1.2",
            "resolved": "https://registry.npmjs.org/@helios-lang/era/-/era-0.1.2.tgz",
            "integrity": "sha512-zthxic/tg/zpnEHX27n1ij/jGpXNq23B/cJRB3ZuTqbD2+54XzcKbqx2INFgGSZJCYBLiKYpmctKFBn+zrNftw=="
        },
        "@helios-lang/ir": {
            "version": "0.1.31",
            "resolved": "https://registry.npmjs.org/@helios-lang/ir/-/ir-0.1.31.tgz",
            "integrity": "sha512-tVw+HcZksUQs+w8xSt3w+0mwdOOWIRwp1dQsInbwVGl1VcKuzCJSpePGsmmG/yZ//gkiD67DdICv4V1Sx2bj0A==",
            "requires": {
                "@helios-lang/codec-utils": "^0.1.32",
                "@helios-lang/compiler-utils": "^0.1.53",
                "@helios-lang/type-utils": "^0.1.20",
                "@helios-lang/uplc": "^0.3.0"
            }
        },
        "@helios-lang/type-utils": {
            "version": "0.1.21",
            "resolved": "https://registry.npmjs.org/@helios-lang/type-utils/-/type-utils-0.1.21.tgz",
            "integrity": "sha512-z12O84kEwVzqYmcYL+SWCaZNIkmF4cDvKFOtL3KiR6pwl8KngqiQk8MnBEyG06FUMKxCSknWayPGIYzM2HcqBw=="
        },
        "@helios-lang/uplc": {
            "version": "0.3.0",
            "resolved": "https://registry.npmjs.org/@helios-lang/uplc/-/uplc-0.3.0.tgz",
            "integrity": "sha512-bAS7YUfs1P7fut9cI0fePSh10Qh0QndGn/XqylGqYrChvULGp4srS9wKMSZ+g6Xerub358pqBqp+tCkFi5fQ4w==",
            "requires": {
                "@helios-lang/cbor": "^0.1.21",
                "@helios-lang/codec-utils": "^0.1.33",
                "@helios-lang/compiler-utils": "^0.1.54",
                "@helios-lang/crypto": "^0.1.14",
                "@helios-lang/era": "^0.1.2",
                "@helios-lang/type-utils": "^0.1.18"
            }
        },
        "@types/node": {
            "version": "20.14.10",
            "resolved": "https://registry.npmjs.org/@types/node/-/node-20.14.10.tgz",
            "integrity": "sha512-MdiXf+nDuMvY0gJKxyfZ7/6UFsETO7mGKF54MVD/ekJS6HdFtpZFBgrh6Pseu64XTb2MLyFPlbW6hj8HYRQNOQ==",
            "dev": true,
            "requires": {
                "undici-types": "~5.26.4"
            }
        },
        "prettier": {
            "version": "3.3.2",
            "resolved": "https://registry.npmjs.org/prettier/-/prettier-3.3.2.tgz",
            "integrity": "sha512-rAVeHYMcv8ATV5d508CFdn+8/pHPpXeIid1DdrPwXnaAdH7cqjVbpJaT5eq4yRAFU/lsbwYwSF/n5iNrdJHPQA==",
            "dev": true
        },
        "typescript": {
            "version": "4.9.5",
            "resolved": "https://registry.npmjs.org/typescript/-/typescript-4.9.5.tgz",
            "integrity": "sha512-1FXk9E2Hm+QzZQ7z+McJiHL4NW1F2EzMu9Nq9i3zAaGqibafqYwCVU6WyWAuyQRRzOlxou8xZSyXLEN8oKj24g==",
            "dev": true
        },
        "undici-types": {
            "version": "5.26.5",
            "resolved": "https://registry.npmjs.org/undici-types/-/undici-types-5.26.5.tgz",
            "integrity": "sha512-JlCMO+ehdEIKqlFxk6IfVoAUVmgz7cU7zD/h9XZ0qzeosSHmUJVOzSQvvYSYWXkFXC+IfLKSIffhv0sVZup6pA==",
            "dev": true
        }
    }
}
