{
    "name": "@helios-lang/compiler",
    "version": "0.13.30",
    "lockfileVersion": 3,
    "requires": true,
    "packages": {
        "": {
            "name": "@helios-lang/compiler",
            "version": "0.13.30",
            "license": "BSD-3-Clause",
            "dependencies": {
                "@hyperionbt/helios": "0.13.31"
            },
            "devDependencies": {
                "prettier": "^3.2.5",
                "typescript": "^5.4.3"
            }
        },
        "node_modules/@hyperionbt/helios": {
            "version": "0.13.31",
            "resolved": "https://registry.npmjs.org/@hyperionbt/helios/-/helios-0.13.31.tgz",
            "integrity": "sha512-G5lD6zu/uBwZ2aoAqmvOJnTD2qift6o8yotvaiTgakjkI9Ut0pJ9/emtbSvuYzfXlnWN6p3aLISqtrsNOKzUgg=="
        },
        "node_modules/prettier": {
            "version": "3.2.5",
            "resolved": "https://registry.npmjs.org/prettier/-/prettier-3.2.5.tgz",
            "integrity": "sha512-3/GWa9aOC0YeD7LUfvOG2NiDyhOWRvt1k+rcKhOuYnMY24iiCphgneUfJDyFXd6rZCAnuLBv6UeAULtrhT/F4A==",
            "dev": true,
            "bin": {
                "prettier": "bin/prettier.cjs"
            },
            "engines": {
                "node": ">=14"
            },
            "funding": {
                "url": "https://github.com/prettier/prettier?sponsor=1"
            }
        },
        "node_modules/typescript": {
            "version": "5.4.3",
            "resolved": "https://registry.npmjs.org/typescript/-/typescript-5.4.3.tgz",
            "integrity": "sha512-KrPd3PKaCLr78MalgiwJnA25Nm8HAmdwN3mYUYZgG/wizIo9EainNVQI9/yDavtVFRN2h3k8uf3GLHuhDMgEHg==",
            "dev": true,
            "bin": {
                "tsc": "bin/tsc",
                "tsserver": "bin/tsserver"
            },
            "engines": {
                "node": ">=14.17"
            }
        }
    }
}
