{
    "name": "@helios-lang/compiler",
    "version": "0.13.29",
    "lockfileVersion": 3,
    "requires": true,
    "packages": {
        "": {
            "name": "@helios-lang/compiler",
            "version": "0.13.29",
            "license": "BSD-3-Clause",
            "dependencies": {
                "@hyperionbt/helios": "0.13.29"
            },
            "devDependencies": {
                "prettier": "^3.2.5",
                "typescript": "^5.4.3"
            }
        },
        "node_modules/@hyperionbt/helios": {
            "version": "0.13.29",
            "resolved": "https://registry.npmjs.org/@hyperionbt/helios/-/helios-0.13.29.tgz",
            "integrity": "sha512-5N33cBkCpTOpXx2a8dPGliMY78YKjqiW0BLQFO5QgdLI0kJSq4wHfUBZqN+OzXDqog0UmAfzGG9OtEyK3vldBA=="
        },
        "node_modules/prettier": {
            "version": "3.2.5",
            "resolved": "https://registry.npmjs.org/prettier/-/prettier-3.2.5.tgz",
            "integrity": "sha512-3/GWa9aOC0YeD7LUfvOG2NiDyhOWRvt1k+rcKhOuYnMY24iiCphgneUfJDyFXd6rZCAnuLBv6UeAULtrhT/F4A==",
            "dev": true,
            "bin": {
                "prettier": "bin/prettier.cjs"
            },
            "engines": {
                "node": ">=14"
            },
            "funding": {
                "url": "https://github.com/prettier/prettier?sponsor=1"
            }
        },
        "node_modules/typescript": {
            "version": "5.4.3",
            "resolved": "https://registry.npmjs.org/typescript/-/typescript-5.4.3.tgz",
            "integrity": "sha512-KrPd3PKaCLr78MalgiwJnA25Nm8HAmdwN3mYUYZgG/wizIo9EainNVQI9/yDavtVFRN2h3k8uf3GLHuhDMgEHg==",
            "dev": true,
            "bin": {
                "tsc": "bin/tsc",
                "tsserver": "bin/tsserver"
            },
            "engines": {
                "node": ">=14.17"
            }
        }
    }
}
