lockfileVersion: '9.0'

settings:
  autoInstallPeers: true
  excludeLinksFromLockfile: false

importers:

  .:
    dependencies:
      '@helios-lang/codec-utils':
        specifier: ^0.1.35
        version: 0.1.35
      '@helios-lang/compiler-utils':
        specifier: ^0.1.55
        version: 0.1.55
      '@helios-lang/ir':
        specifier: ^0.1.39
        version: 0.1.39
      '@helios-lang/type-utils':
        specifier: ^0.1.21
        version: 0.1.21
      '@helios-lang/uplc':
        specifier: ^0.3.8
        version: 0.3.8
    devDependencies:
      '@types/node':
        specifier: ^20.14.10
        version: 20.16.3
      prettier:
        specifier: ^3.3.2
        version: 3.3.3
      typescript:
        specifier: ^4.9.5
        version: 4.9.5

packages:

  '@helios-lang/cbor@0.1.21':
    resolution: {integrity: sha512-EHIKmN1fDPtEwjvPHCjCHf3JtCK2j09z6dwTiSI4HJ7sl62nr5Ti1B0/EkiKrahfKQnYl/wgtVyKoY/qgIJQMw==}

  '@helios-lang/codec-utils@0.1.35':
    resolution: {integrity: sha512-nTIcjbpzcpOIhLWqtkfvsw97euI/5rdTVTU2nUrQ6fiJcVTGMF32VI3Bd4eWwTTlbtVUarIMNOn9yb0Ln22kqA==}

  '@helios-lang/compiler-utils@0.1.55':
    resolution: {integrity: sha512-pFmiFFipk4/qZGK9cO2pfOJJG+ws+N5t8oo6oS4/Ngvmtxaw7TNLwMiS2DWFplI/X3d7+oxlLDq75Gg3/gFIVw==}

  '@helios-lang/crypto@0.1.14':
    resolution: {integrity: sha512-86Q+saQoX10RfeAfLXRZt0UTgNmZFREnHnmjGnyKgPYGWNHhVKfn20+k4CDn03Kaa5rIrWh+iN+irsB4+Hv4Mg==}

  '@helios-lang/era@0.1.2':
    resolution: {integrity: sha512-zthxic/tg/zpnEHX27n1ij/jGpXNq23B/cJRB3ZuTqbD2+54XzcKbqx2INFgGSZJCYBLiKYpmctKFBn+zrNftw==}

  '@helios-lang/ir@0.1.39':
    resolution: {integrity: sha512-1FHNqCB7dpjkBPTJmWwEV73U6V9nOpoMpMNNAZvhLgp6yOW3oHGQDGDFyWErZDI1U3JizB9IvFduI/15iJ7Nkg==}

  '@helios-lang/type-utils@0.1.21':
    resolution: {integrity: sha512-z12O84kEwVzqYmcYL+SWCaZNIkmF4cDvKFOtL3KiR6pwl8KngqiQk8MnBEyG06FUMKxCSknWayPGIYzM2HcqBw==}

  '@helios-lang/uplc@0.3.8':
    resolution: {integrity: sha512-/WV3bONTmMOt9nNoACxocEEXtmI5l7OY8wlXMp8t7cMZlqvsU6q1CfxiR2H/jm42XOIx9uSeS9L/IPN3Zi/w2Q==}

  '@types/node@20.16.3':
    resolution: {integrity: sha512-/wdGiWRkMOm53gAsSyFMXFZHbVg7C6CbkrzHNpaHoYfsUWPg7m6ZRKtvQjgvQ9i8WT540a3ydRlRQbxjY30XxQ==}

  prettier@3.3.3:
    resolution: {integrity: sha512-i2tDNA0O5IrMO757lfrdQZCc2jPNDVntV0m/+4whiDfWaTKfMNgR7Qz0NAeGz/nRqF4m5/6CLzbP4/liHt12Ew==}
    engines: {node: '>=14'}
    hasBin: true

  typescript@4.9.5:
    resolution: {integrity: sha512-1FXk9E2Hm+QzZQ7z+McJiHL4NW1F2EzMu9Nq9i3zAaGqibafqYwCVU6WyWAuyQRRzOlxou8xZSyXLEN8oKj24g==}
    engines: {node: '>=4.2.0'}
    hasBin: true

  undici-types@6.19.8:
    resolution: {integrity: sha512-ve2KP6f/JnbPBFyobGHuerC9g1FYGn/F8n1LWTwNxCEzd6IfqTwUQcNXgEtmmQ6DlRrC1hrSrBnCZPokRrDHjw==}

snapshots:

  '@helios-lang/cbor@0.1.21':
    dependencies:
      '@helios-lang/codec-utils': 0.1.35
      '@helios-lang/type-utils': 0.1.21

  '@helios-lang/codec-utils@0.1.35': {}

  '@helios-lang/compiler-utils@0.1.55':
    dependencies:
      '@helios-lang/codec-utils': 0.1.35
      '@helios-lang/type-utils': 0.1.21

  '@helios-lang/crypto@0.1.14':
    dependencies:
      '@helios-lang/codec-utils': 0.1.35

  '@helios-lang/era@0.1.2': {}

  '@helios-lang/ir@0.1.39':
    dependencies:
      '@helios-lang/codec-utils': 0.1.35
      '@helios-lang/compiler-utils': 0.1.55
      '@helios-lang/type-utils': 0.1.21
      '@helios-lang/uplc': 0.3.8

  '@helios-lang/type-utils@0.1.21': {}

  '@helios-lang/uplc@0.3.8':
    dependencies:
      '@helios-lang/cbor': 0.1.21
      '@helios-lang/codec-utils': 0.1.35
      '@helios-lang/compiler-utils': 0.1.55
      '@helios-lang/crypto': 0.1.14
      '@helios-lang/era': 0.1.2
      '@helios-lang/type-utils': 0.1.21

  '@types/node@20.16.3':
    dependencies:
      undici-types: 6.19.8

  prettier@3.3.3: {}

  typescript@4.9.5: {}

  undici-types@6.19.8: {}
