lockfileVersion: '9.0'

settings:
  autoInstallPeers: true
  excludeLinksFromLockfile: false

importers:

  .:
    dependencies:
      '@helios-lang/codec-utils':
        specifier: ^0.3.4
        version: 0.3.4
      '@helios-lang/compiler-utils':
        specifier: ^0.5.12
        version: 0.5.12
      '@helios-lang/ir':
        specifier: 0.3.6
        version: 0.3.6
      '@helios-lang/type-utils':
        specifier: ^0.2.9
        version: 0.2.9
      '@helios-lang/uplc':
        specifier: ^0.7.13
        version: 0.7.13
    devDependencies:
      '@types/node':
        specifier: ^20.14.10
        version: 20.16.3
      prettier:
        specifier: ^3.3.3
        version: 3.3.3
      typescript:
        specifier: ^5.6.2
        version: 5.6.2

packages:

  '@helios-lang/cbor@0.3.0':
    resolution: {integrity: sha512-+HA54uJWIFV/EYaKTyS1EVw9GqpIYCtWDVwxDhSwWnL67KZTrieRt1/yjgj2FsmnRvZM8fUYfnkFnU/chS117A==}

  '@helios-lang/codec-utils@0.3.4':
    resolution: {integrity: sha512-YiYwBwkbRmu9/4tqHNGIk/haVb0+MLrwXZc+6/KMwGT5WKzypZSkDgH+aZEdHtdTmYhVyIj9ojBljAhMxi8ezg==}

  '@helios-lang/compiler-utils@0.5.12':
    resolution: {integrity: sha512-yjHM9atG/kXETzsfWg7XTTdilCHKqH4uTlur4aU+LdAuDlzO6f+Gmg0RtaObMTRg6XhK0VUJJVFp6ebrumylgg==}

  '@helios-lang/crypto@0.2.3':
    resolution: {integrity: sha512-Vyauv8fSrev2BFVn5RrHvMtgHzClogWFnX9CPm8024NEzlEL6jrXYiF8VAoegWX46GGZQE2ZEZxZciiKClaR3A==}

  '@helios-lang/era@0.1.4':
    resolution: {integrity: sha512-wBV/qDLvfSwSywaQlo1EdnVhMW7XBSS2AnaOFmpLS/RrA75arn7ngf+MbEsfjQ1qayIPOPdL96M6vzPtauttWA==}

  '@helios-lang/ir@0.3.6':
    resolution: {integrity: sha512-ddwyGqikrKLDrXJNve1tDnLajJMuN6rd9d2kbVCwIGhdSVvun9bmj2PeDdEVoXVM/hf2pTE68HYhmlCh3DQIbA==}

  '@helios-lang/type-utils@0.2.9':
    resolution: {integrity: sha512-79/aGqD9ZXNXUypDHf+tSSg4PBacovX5Q4U2GXKVcaH5a194PVZJ+Dsz2J5vLREUeSwSM7HLTEysqasyadbtEQ==}

  '@helios-lang/uplc@0.7.13':
    resolution: {integrity: sha512-+Z9RtKyKYatxshDs+n8K4lHXC5SPLZcXg1XBgS26Gh+9lFtnJkXowpvkUH5LwKfuG2BXMJgPqjYoEKplHFOHlQ==}

  '@types/node@20.16.3':
    resolution: {integrity: sha512-/wdGiWRkMOm53gAsSyFMXFZHbVg7C6CbkrzHNpaHoYfsUWPg7m6ZRKtvQjgvQ9i8WT540a3ydRlRQbxjY30XxQ==}

  prettier@3.3.3:
    resolution: {integrity: sha512-i2tDNA0O5IrMO757lfrdQZCc2jPNDVntV0m/+4whiDfWaTKfMNgR7Qz0NAeGz/nRqF4m5/6CLzbP4/liHt12Ew==}
    engines: {node: '>=14'}
    hasBin: true

  typescript@5.6.2:
    resolution: {integrity: sha512-NW8ByodCSNCwZeghjN3o+JX5OFH0Ojg6sadjEKY4huZ52TqbJTJnDo5+Tw98lSy63NZvi4n+ez5m2u5d4PkZyw==}
    engines: {node: '>=14.17'}
    hasBin: true

  undici-types@6.19.8:
    resolution: {integrity: sha512-ve2KP6f/JnbPBFyobGHuerC9g1FYGn/F8n1LWTwNxCEzd6IfqTwUQcNXgEtmmQ6DlRrC1hrSrBnCZPokRrDHjw==}

snapshots:

  '@helios-lang/cbor@0.3.0':
    dependencies:
      '@helios-lang/codec-utils': 0.3.4

  '@helios-lang/codec-utils@0.3.4': {}

  '@helios-lang/compiler-utils@0.5.12':
    dependencies:
      '@helios-lang/codec-utils': 0.3.4
      '@helios-lang/type-utils': 0.2.9

  '@helios-lang/crypto@0.2.3':
    dependencies:
      '@helios-lang/codec-utils': 0.3.4
      '@helios-lang/type-utils': 0.2.9

  '@helios-lang/era@0.1.4': {}

  '@helios-lang/ir@0.3.6':
    dependencies:
      '@helios-lang/codec-utils': 0.3.4
      '@helios-lang/compiler-utils': 0.5.12
      '@helios-lang/type-utils': 0.2.9
      '@helios-lang/uplc': 0.7.13

  '@helios-lang/type-utils@0.2.9': {}

  '@helios-lang/uplc@0.7.13':
    dependencies:
      '@helios-lang/cbor': 0.3.0
      '@helios-lang/codec-utils': 0.3.4
      '@helios-lang/compiler-utils': 0.5.12
      '@helios-lang/crypto': 0.2.3
      '@helios-lang/era': 0.1.4
      '@helios-lang/type-utils': 0.2.9

  '@types/node@20.16.3':
    dependencies:
      undici-types: 6.19.8

  prettier@3.3.3: {}

  typescript@5.6.2: {}

  undici-types@6.19.8: {}
